// !$*UTF8*$!
{
	archiveVersion = 1;
	classes = {
	};
	objectVersion = 56;
	objects = {

/* Begin PBXBuildFile section */
		3BB4BF532CAF889B00AD4C29 /* Lottie in Frameworks */ = {isa = PBXBuildFile; productRef = 3BB4BF522CAF889B00AD4C29 /* Lottie */; };
		3BB4BF562CAF88E700AD4C29 /* Alamofire in Frameworks */ = {isa = PBXBuildFile; productRef = 3BB4BF552CAF88E700AD4C29 /* Alamofire */; };
		3BF76F0C2CAF80CD009EC2B2 /* PrefeFortuneApp.swift in Sources */ = {isa = PBXBuildFile; fileRef = 3BF76F0B2CAF80CD009EC2B2 /* PrefeFortuneApp.swift */; };
		3BF76F0E2CAF80CD009EC2B2 /* ContentView.swift in Sources */ = {isa = PBXBuildFile; fileRef = 3BF76F0D2CAF80CD009EC2B2 /* ContentView.swift */; };
		3BF76F102CAF80CE009EC2B2 /* Assets.xcassets in Resources */ = {isa = PBXBuildFile; fileRef = 3BF76F0F2CAF80CE009EC2B2 /* Assets.xcassets */; };
		3BF76F142CAF80CE009EC2B2 /* Preview Assets.xcassets in Resources */ = {isa = PBXBuildFile; fileRef = 3BF76F132CAF80CE009EC2B2 /* Preview Assets.xcassets */; };
		3BF76F1E2CAF80CE009EC2B2 /* PrefeFortuneTests.swift in Sources */ = {isa = PBXBuildFile; fileRef = 3BF76F1D2CAF80CE009EC2B2 /* PrefeFortuneTests.swift */; };
		3BF76F282CAF80CE009EC2B2 /* PrefeFortuneUITests.swift in Sources */ = {isa = PBXBuildFile; fileRef = 3BF76F272CAF80CE009EC2B2 /* PrefeFortuneUITests.swift */; };
		3BF76F2A2CAF80CE009EC2B2 /* PrefeFortuneUITestsLaunchTests.swift in Sources */ = {isa = PBXBuildFile; fileRef = 3BF76F292CAF80CE009EC2B2 /* PrefeFortuneUITestsLaunchTests.swift */; };
/* End PBXBuildFile section */

/* Begin PBXContainerItemProxy section */
		3BF76F1A2CAF80CE009EC2B2 /* PBXContainerItemProxy */ = {
			isa = PBXContainerItemProxy;
			containerPortal = 3BF76F002CAF80CD009EC2B2 /* Project object */;
			proxyType = 1;
			remoteGlobalIDString = 3BF76F072CAF80CD009EC2B2;
			remoteInfo = PrefeFortune;
		};
		3BF76F242CAF80CE009EC2B2 /* PBXContainerItemProxy */ = {
			isa = PBXContainerItemProxy;
			containerPortal = 3BF76F002CAF80CD009EC2B2 /* Project object */;
			proxyType = 1;
			remoteGlobalIDString = 3BF76F072CAF80CD009EC2B2;
			remoteInfo = PrefeFortune;
		};
/* End PBXContainerItemProxy section */

/* Begin PBXFileReference section */
		3BF76F082CAF80CD009EC2B2 /* PrefeFortune.app */ = {isa = PBXFileReference; explicitFileType = wrapper.application; includeInIndex = 0; path = PrefeFortune.app; sourceTree = BUILT_PRODUCTS_DIR; };
		3BF76F0B2CAF80CD009EC2B2 /* PrefeFortuneApp.swift */ = {isa = PBXFileReference; lastKnownFileType = sourcecode.swift; path = PrefeFortuneApp.swift; sourceTree = "<group>"; };
		3BF76F0D2CAF80CD009EC2B2 /* ContentView.swift */ = {isa = PBXFileReference; lastKnownFileType = sourcecode.swift; path = ContentView.swift; sourceTree = "<group>"; };
		3BF76F0F2CAF80CE009EC2B2 /* Assets.xcassets */ = {isa = PBXFileReference; lastKnownFileType = folder.assetcatalog; path = Assets.xcassets; sourceTree = "<group>"; };
		3BF76F112CAF80CE009EC2B2 /* PrefeFortune.entitlements */ = {isa = PBXFileReference; lastKnownFileType = text.plist.entitlements; path = PrefeFortune.entitlements; sourceTree = "<group>"; };
		3BF76F132CAF80CE009EC2B2 /* Preview Assets.xcassets */ = {isa = PBXFileReference; lastKnownFileType = folder.assetcatalog; path = "Preview Assets.xcassets"; sourceTree = "<group>"; };
		3BF76F192CAF80CE009EC2B2 /* PrefeFortuneTests.xctest */ = {isa = PBXFileReference; explicitFileType = wrapper.cfbundle; includeInIndex = 0; path = PrefeFortuneTests.xctest; sourceTree = BUILT_PRODUCTS_DIR; };
		3BF76F1D2CAF80CE009EC2B2 /* PrefeFortuneTests.swift */ = {isa = PBXFileReference; lastKnownFileType = sourcecode.swift; path = PrefeFortuneTests.swift; sourceTree = "<group>"; };
		3BF76F232CAF80CE009EC2B2 /* PrefeFortuneUITests.xctest */ = {isa = PBXFileReference; explicitFileType = wrapper.cfbundle; includeInIndex = 0; path = PrefeFortuneUITests.xctest; sourceTree = BUILT_PRODUCTS_DIR; };
		3BF76F272CAF80CE009EC2B2 /* PrefeFortuneUITests.swift */ = {isa = PBXFileReference; lastKnownFileType = sourcecode.swift; path = PrefeFortuneUITests.swift; sourceTree = "<group>"; };
		3BF76F292CAF80CE009EC2B2 /* PrefeFortuneUITestsLaunchTests.swift */ = {isa = PBXFileReference; lastKnownFileType = sourcecode.swift; path = PrefeFortuneUITestsLaunchTests.swift; sourceTree = "<group>"; };
/* End PBXFileReference section */

/* Begin PBXFrameworksBuildPhase section */
		3BF76F052CAF80CD009EC2B2 /* Frameworks */ = {
			isa = PBXFrameworksBuildPhase;
			buildActionMask = 2147483647;
			files = (
				3BB4BF532CAF889B00AD4C29 /* Lottie in Frameworks */,
				3BB4BF562CAF88E700AD4C29 /* Alamofire in Frameworks */,
			);
			runOnlyForDeploymentPostprocessing = 0;
		};
		3BF76F162CAF80CE009EC2B2 /* Frameworks */ = {
			isa = PBXFrameworksBuildPhase;
			buildActionMask = 2147483647;
			files = (
			);
			runOnlyForDeploymentPostprocessing = 0;
		};
		3BF76F202CAF80CE009EC2B2 /* Frameworks */ = {
			isa = PBXFrameworksBuildPhase;
			buildActionMask = 2147483647;
			files = (
			);
			runOnlyForDeploymentPostprocessing = 0;
		};
/* End PBXFrameworksBuildPhase section */

/* Begin PBXGroup section */
		3BB4BF512CAF889B00AD4C29 /* Frameworks */ = {
			isa = PBXGroup;
			children = (
			);
			name = Frameworks;
			sourceTree = "<group>";
		};
		3BF76EFF2CAF80CD009EC2B2 = {
			isa = PBXGroup;
			children = (
				3BF76F0A2CAF80CD009EC2B2 /* PrefeFortune */,
				3BF76F1C2CAF80CE009EC2B2 /* PrefeFortuneTests */,
				3BF76F262CAF80CE009EC2B2 /* PrefeFortuneUITests */,
				3BF76F092CAF80CD009EC2B2 /* Products */,
				3BB4BF512CAF889B00AD4C29 /* Frameworks */,
			);
			sourceTree = "<group>";
		};
		3BF76F092CAF80CD009EC2B2 /* Products */ = {
			isa = PBXGroup;
			children = (
				3BF76F082CAF80CD009EC2B2 /* PrefeFortune.app */,
				3BF76F192CAF80CE009EC2B2 /* PrefeFortuneTests.xctest */,
				3BF76F232CAF80CE009EC2B2 /* PrefeFortuneUITests.xctest */,
			);
			name = Products;
			sourceTree = "<group>";
		};
		3BF76F0A2CAF80CD009EC2B2 /* PrefeFortune */ = {
			isa = PBXGroup;
			children = (
				3BF76F0B2CAF80CD009EC2B2 /* PrefeFortuneApp.swift */,
				3BF76F0D2CAF80CD009EC2B2 /* ContentView.swift */,
				3BF76F0F2CAF80CE009EC2B2 /* Assets.xcassets */,
				3BF76F112CAF80CE009EC2B2 /* PrefeFortune.entitlements */,
				3BF76F122CAF80CE009EC2B2 /* Preview Content */,
			);
			path = PrefeFortune;
			sourceTree = "<group>";
		};
		3BF76F122CAF80CE009EC2B2 /* Preview Content */ = {
			isa = PBXGroup;
			children = (
				3BF76F132CAF80CE009EC2B2 /* Preview Assets.xcassets */,
			);
			path = "Preview Content";
			sourceTree = "<group>";
		};
		3BF76F1C2CAF80CE009EC2B2 /* PrefeFortuneTests */ = {
			isa = PBXGroup;
			children = (
				3BF76F1D2CAF80CE009EC2B2 /* PrefeFortuneTests.swift */,
			);
			path = PrefeFortuneTests;
			sourceTree = "<group>";
		};
		3BF76F262CAF80CE009EC2B2 /* PrefeFortuneUITests */ = {
			isa = PBXGroup;
			children = (
				3BF76F272CAF80CE009EC2B2 /* PrefeFortuneUITests.swift */,
				3BF76F292CAF80CE009EC2B2 /* PrefeFortuneUITestsLaunchTests.swift */,
			);
			path = PrefeFortuneUITests;
			sourceTree = "<group>";
		};
/* End PBXGroup section */

/* Begin PBXNativeTarget section */
		3BF76F072CAF80CD009EC2B2 /* PrefeFortune */ = {
			isa = PBXNativeTarget;
			buildConfigurationList = 3BF76F2D2CAF80CE009EC2B2 /* Build configuration list for PBXNativeTarget "PrefeFortune" */;
			buildPhases = (
				3BF76F042CAF80CD009EC2B2 /* Sources */,
				3BF76F052CAF80CD009EC2B2 /* Frameworks */,
				3BF76F062CAF80CD009EC2B2 /* Resources */,
			);
			buildRules = (
			);
			dependencies = (
			);
			name = PrefeFortune;
			packageProductDependencies = (
				3BB4BF522CAF889B00AD4C29 /* Lottie */,
				3BB4BF552CAF88E700AD4C29 /* Alamofire */,
			);
			productName = PrefeFortune;
			productReference = 3BF76F082CAF80CD009EC2B2 /* PrefeFortune.app */;
			productType = "com.apple.product-type.application";
		};
		3BF76F182CAF80CE009EC2B2 /* PrefeFortuneTests */ = {
			isa = PBXNativeTarget;
			buildConfigurationList = 3BF76F302CAF80CE009EC2B2 /* Build configuration list for PBXNativeTarget "PrefeFortuneTests" */;
			buildPhases = (
				3BF76F152CAF80CE009EC2B2 /* Sources */,
				3BF76F162CAF80CE009EC2B2 /* Frameworks */,
				3BF76F172CAF80CE009EC2B2 /* Resources */,
			);
			buildRules = (
			);
			dependencies = (
				3BF76F1B2CAF80CE009EC2B2 /* PBXTargetDependency */,
			);
			name = PrefeFortuneTests;
			productName = PrefeFortuneTests;
			productReference = 3BF76F192CAF80CE009EC2B2 /* PrefeFortuneTests.xctest */;
			productType = "com.apple.product-type.bundle.unit-test";
		};
		3BF76F222CAF80CE009EC2B2 /* PrefeFortuneUITests */ = {
			isa = PBXNativeTarget;
			buildConfigurationList = 3BF76F332CAF80CE009EC2B2 /* Build configuration list for PBXNativeTarget "PrefeFortuneUITests" */;
			buildPhases = (
				3BF76F1F2CAF80CE009EC2B2 /* Sources */,
				3BF76F202CAF80CE009EC2B2 /* Frameworks */,
				3BF76F212CAF80CE009EC2B2 /* Resources */,
			);
			buildRules = (
			);
			dependencies = (
				3BF76F252CAF80CE009EC2B2 /* PBXTargetDependency */,
			);
			name = PrefeFortuneUITests;
			productName = PrefeFortuneUITests;
			productReference = 3BF76F232CAF80CE009EC2B2 /* PrefeFortuneUITests.xctest */;
			productType = "com.apple.product-type.bundle.ui-testing";
		};
/* End PBXNativeTarget section */

/* Begin PBXProject section */
		3BF76F002CAF80CD009EC2B2 /* Project object */ = {
			isa = PBXProject;
			attributes = {
				BuildIndependentTargetsInParallel = 1;
				LastSwiftUpdateCheck = 1540;
				LastUpgradeCheck = 1540;
				TargetAttributes = {
					3BF76F072CAF80CD009EC2B2 = {
						CreatedOnToolsVersion = 15.4;
					};
					3BF76F182CAF80CE009EC2B2 = {
						CreatedOnToolsVersion = 15.4;
						TestTargetID = 3BF76F072CAF80CD009EC2B2;
					};
					3BF76F222CAF80CE009EC2B2 = {
						CreatedOnToolsVersion = 15.4;
						TestTargetID = 3BF76F072CAF80CD009EC2B2;
					};
				};
			};
			buildConfigurationList = 3BF76F032CAF80CD009EC2B2 /* Build configuration list for PBXProject "PrefeFortune" */;
			compatibilityVersion = "Xcode 14.0";
			developmentRegion = en;
			hasScannedForEncodings = 0;
			knownRegions = (
				en,
				Base,
			);
			mainGroup = 3BF76EFF2CAF80CD009EC2B2;
			packageReferences = (
				3BB4BF502CAF888600AD4C29 /* XCRemoteSwiftPackageReference "lottie-ios" */,
				3BB4BF542CAF88D200AD4C29 /* XCRemoteSwiftPackageReference "Alamofire" */,
			);
			productRefGroup = 3BF76F092CAF80CD009EC2B2 /* Products */;
			projectDirPath = "";
			projectRoot = "";
			targets = (
				3BF76F072CAF80CD009EC2B2 /* PrefeFortune */,
				3BF76F182CAF80CE009EC2B2 /* PrefeFortuneTests */,
				3BF76F222CAF80CE009EC2B2 /* PrefeFortuneUITests */,
			);
		};
/* End PBXProject section */

/* Begin PBXResourcesBuildPhase section */
		3BF76F062CAF80CD009EC2B2 /* Resources */ = {
			isa = PBXResourcesBuildPhase;
			buildActionMask = 2147483647;
			files = (
				3BF76F142CAF80CE009EC2B2 /* Preview Assets.xcassets in Resources */,
				3BF76F102CAF80CE009EC2B2 /* Assets.xcassets in Resources */,
			);
			runOnlyForDeploymentPostprocessing = 0;
		};
		3BF76F172CAF80CE009EC2B2 /* Resources */ = {
			isa = PBXResourcesBuildPhase;
			buildActionMask = 2147483647;
			files = (
			);
			runOnlyForDeploymentPostprocessing = 0;
		};
		3BF76F212CAF80CE009EC2B2 /* Resources */ = {
			isa = PBXResourcesBuildPhase;
			buildActionMask = 2147483647;
			files = (
			);
			runOnlyForDeploymentPostprocessing = 0;
		};
/* End PBXResourcesBuildPhase section */

/* Begin PBXSourcesBuildPhase section */
		3BF76F042CAF80CD009EC2B2 /* Sources */ = {
			isa = PBXSourcesBuildPhase;
			buildActionMask = 2147483647;
			files = (
				3BF76F0E2CAF80CD009EC2B2 /* ContentView.swift in Sources */,
				3BF76F0C2CAF80CD009EC2B2 /* PrefeFortuneApp.swift in Sources */,
			);
			runOnlyForDeploymentPostprocessing = 0;
		};
		3BF76F152CAF80CE009EC2B2 /* Sources */ = {
			isa = PBXSourcesBuildPhase;
			buildActionMask = 2147483647;
			files = (
				3BF76F1E2CAF80CE009EC2B2 /* PrefeFortuneTests.swift in Sources */,
			);
			runOnlyForDeploymentPostprocessing = 0;
		};
		3BF76F1F2CAF80CE009EC2B2 /* Sources */ = {
			isa = PBXSourcesBuildPhase;
			buildActionMask = 2147483647;
			files = (
				3BF76F282CAF80CE009EC2B2 /* PrefeFortuneUITests.swift in Sources */,
				3BF76F2A2CAF80CE009EC2B2 /* PrefeFortuneUITestsLaunchTests.swift in Sources */,
			);
			runOnlyForDeploymentPostprocessing = 0;
		};
/* End PBXSourcesBuildPhase section */

/* Begin PBXTargetDependency section */
		3BF76F1B2CAF80CE009EC2B2 /* PBXTargetDependency */ = {
			isa = PBXTargetDependency;
			target = 3BF76F072CAF80CD009EC2B2 /* PrefeFortune */;
			targetProxy = 3BF76F1A2CAF80CE009EC2B2 /* PBXContainerItemProxy */;
		};
		3BF76F252CAF80CE009EC2B2 /* PBXTargetDependency */ = {
			isa = PBXTargetDependency;
			target = 3BF76F072CAF80CD009EC2B2 /* PrefeFortune */;
			targetProxy = 3BF76F242CAF80CE009EC2B2 /* PBXContainerItemProxy */;
		};
/* End PBXTargetDependency section */

/* Begin XCBuildConfiguration section */
		3BF76F2B2CAF80CE009EC2B2 /* Debug */ = {
			isa = XCBuildConfiguration;
			buildSettings = {
				ALWAYS_SEARCH_USER_PATHS = NO;
				ASSETCATALOG_COMPILER_GENERATE_SWIFT_ASSET_SYMBOL_EXTENSIONS = YES;
				CLANG_ANALYZER_NONNULL = YES;
				CLANG_ANALYZER_NUMBER_OBJECT_CONVERSION = YES_AGGRESSIVE;
				CLANG_CXX_LANGUAGE_STANDARD = "gnu++20";
				CLANG_ENABLE_MODULES = YES;
				CLANG_ENABLE_OBJC_ARC = YES;
				CLANG_ENABLE_OBJC_WEAK = YES;
				CLANG_WARN_BLOCK_CAPTURE_AUTORELEASING = YES;
				CLANG_WARN_BOOL_CONVERSION = YES;
				CLANG_WARN_COMMA = YES;
				CLANG_WARN_CONSTANT_CONVERSION = YES;
				CLANG_WARN_DEPRECATED_OBJC_IMPLEMENTATIONS = YES;
				CLANG_WARN_DIRECT_OBJC_ISA_USAGE = YES_ERROR;
				CLANG_WARN_DOCUMENTATION_COMMENTS = YES;
				CLANG_WARN_EMPTY_BODY = YES;
				CLANG_WARN_ENUM_CONVERSION = YES;
				CLANG_WARN_INFINITE_RECURSION = YES;
				CLANG_WARN_INT_CONVERSION = YES;
				CLANG_WARN_NON_LITERAL_NULL_CONVERSION = YES;
				CLANG_WARN_OBJC_IMPLICIT_RETAIN_SELF = YES;
				CLANG_WARN_OBJC_LITERAL_CONVERSION = YES;
				CLANG_WARN_OBJC_ROOT_CLASS = YES_ERROR;
				CLANG_WARN_QUOTED_INCLUDE_IN_FRAMEWORK_HEADER = YES;
				CLANG_WARN_RANGE_LOOP_ANALYSIS = YES;
				CLANG_WARN_STRICT_PROTOTYPES = YES;
				CLANG_WARN_SUSPICIOUS_MOVE = YES;
				CLANG_WARN_UNGUARDED_AVAILABILITY = YES_AGGRESSIVE;
				CLANG_WARN_UNREACHABLE_CODE = YES;
				CLANG_WARN__DUPLICATE_METHOD_MATCH = YES;
				COPY_PHASE_STRIP = NO;
				DEBUG_INFORMATION_FORMAT = dwarf;
				ENABLE_STRICT_OBJC_MSGSEND = YES;
				ENABLE_TESTABILITY = YES;
				ENABLE_USER_SCRIPT_SANDBOXING = YES;
				GCC_C_LANGUAGE_STANDARD = gnu17;
				GCC_DYNAMIC_NO_PIC = NO;
				GCC_NO_COMMON_BLOCKS = YES;
				GCC_OPTIMIZATION_LEVEL = 0;
				GCC_PREPROCESSOR_DEFINITIONS = (
					"DEBUG=1",
					"$(inherited)",
				);
				GCC_WARN_64_TO_32_BIT_CONVERSION = YES;
				GCC_WARN_ABOUT_RETURN_TYPE = YES_ERROR;
				GCC_WARN_UNDECLARED_SELECTOR = YES;
				GCC_WARN_UNINITIALIZED_AUTOS = YES_AGGRESSIVE;
				GCC_WARN_UNUSED_FUNCTION = YES;
				GCC_WARN_UNUSED_VARIABLE = YES;
				LOCALIZATION_PREFERS_STRING_CATALOGS = YES;
				MTL_ENABLE_DEBUG_INFO = INCLUDE_SOURCE;
				MTL_FAST_MATH = YES;
				ONLY_ACTIVE_ARCH = YES;
				SWIFT_ACTIVE_COMPILATION_CONDITIONS = "DEBUG $(inherited)";
				SWIFT_OPTIMIZATION_LEVEL = "-Onone";
			};
			name = Debug;
		};
		3BF76F2C2CAF80CE009EC2B2 /* Release */ = {
			isa = XCBuildConfiguration;
			buildSettings = {
				ALWAYS_SEARCH_USER_PATHS = NO;
				ASSETCATALOG_COMPILER_GENERATE_SWIFT_ASSET_SYMBOL_EXTENSIONS = YES;
				CLANG_ANALYZER_NONNULL = YES;
				CLANG_ANALYZER_NUMBER_OBJECT_CONVERSION = YES_AGGRESSIVE;
				CLANG_CXX_LANGUAGE_STANDARD = "gnu++20";
				CLANG_ENABLE_MODULES = YES;
				CLANG_ENABLE_OBJC_ARC = YES;
				CLANG_ENABLE_OBJC_WEAK = YES;
				CLANG_WARN_BLOCK_CAPTURE_AUTORELEASING = YES;
				CLANG_WARN_BOOL_CONVERSION = YES;
				CLANG_WARN_COMMA = YES;
				CLANG_WARN_CONSTANT_CONVERSION = YES;
				CLANG_WARN_DEPRECATED_OBJC_IMPLEMENTATIONS = YES;
				CLANG_WARN_DIRECT_OBJC_ISA_USAGE = YES_ERROR;
				CLANG_WARN_DOCUMENTATION_COMMENTS = YES;
				CLANG_WARN_EMPTY_BODY = YES;
				CLANG_WARN_ENUM_CONVERSION = YES;
				CLANG_WARN_INFINITE_RECURSION = YES;
				CLANG_WARN_INT_CONVERSION = YES;
				CLANG_WARN_NON_LITERAL_NULL_CONVERSION = YES;
				CLANG_WARN_OBJC_IMPLICIT_RETAIN_SELF = YES;
				CLANG_WARN_OBJC_LITERAL_CONVERSION = YES;
				CLANG_WARN_OBJC_ROOT_CLASS = YES_ERROR;
				CLANG_WARN_QUOTED_INCLUDE_IN_FRAMEWORK_HEADER = YES;
				CLANG_WARN_RANGE_LOOP_ANALYSIS = YES;
				CLANG_WARN_STRICT_PROTOTYPES = YES;
				CLANG_WARN_SUSPICIOUS_MOVE = YES;
				CLANG_WARN_UNGUARDED_AVAILABILITY = YES_AGGRESSIVE;
				CLANG_WARN_UNREACHABLE_CODE = YES;
				CLANG_WARN__DUPLICATE_METHOD_MATCH = YES;
				COPY_PHASE_STRIP = NO;
				DEBUG_INFORMATION_FORMAT = "dwarf-with-dsym";
				ENABLE_NS_ASSERTIONS = NO;
				ENABLE_STRICT_OBJC_MSGSEND = YES;
				ENABLE_USER_SCRIPT_SANDBOXING = YES;
				GCC_C_LANGUAGE_STANDARD = gnu17;
				GCC_NO_COMMON_BLOCKS = YES;
				GCC_WARN_64_TO_32_BIT_CONVERSION = YES;
				GCC_WARN_ABOUT_RETURN_TYPE = YES_ERROR;
				GCC_WARN_UNDECLARED_SELECTOR = YES;
				GCC_WARN_UNINITIALIZED_AUTOS = YES_AGGRESSIVE;
				GCC_WARN_UNUSED_FUNCTION = YES;
				GCC_WARN_UNUSED_VARIABLE = YES;
				LOCALIZATION_PREFERS_STRING_CATALOGS = YES;
				MTL_ENABLE_DEBUG_INFO = NO;
				MTL_FAST_MATH = YES;
				SWIFT_COMPILATION_MODE = wholemodule;
			};
			name = Release;
		};
		3BF76F2E2CAF80CE009EC2B2 /* Debug */ = {
			isa = XCBuildConfiguration;
			buildSettings = {
				ASSETCATALOG_COMPILER_APPICON_NAME = AppIcon;
				ASSETCATALOG_COMPILER_GLOBAL_ACCENT_COLOR_NAME = AccentColor;
				CODE_SIGN_ENTITLEMENTS = PrefeFortune/PrefeFortune.entitlements;
				CODE_SIGN_STYLE = Automatic;
				CURRENT_PROJECT_VERSION = 1;
				DEVELOPMENT_ASSET_PATHS = "\"PrefeFortune/Preview Content\"";
				DEVELOPMENT_TEAM = 922N7TF68N;
				ENABLE_HARDENED_RUNTIME = YES;
				ENABLE_PREVIEWS = YES;
				GENERATE_INFOPLIST_FILE = YES;
				"INFOPLIST_KEY_UIApplicationSceneManifest_Generation[sdk=iphoneos*]" = YES;
				"INFOPLIST_KEY_UIApplicationSceneManifest_Generation[sdk=iphonesimulator*]" = YES;
				"INFOPLIST_KEY_UIApplicationSupportsIndirectInputEvents[sdk=iphoneos*]" = YES;
				"INFOPLIST_KEY_UIApplicationSupportsIndirectInputEvents[sdk=iphonesimulator*]" = YES;
				"INFOPLIST_KEY_UILaunchScreen_Generation[sdk=iphoneos*]" = YES;
				"INFOPLIST_KEY_UILaunchScreen_Generation[sdk=iphonesimulator*]" = YES;
				"INFOPLIST_KEY_UIStatusBarStyle[sdk=iphoneos*]" = UIStatusBarStyleDefault;
				"INFOPLIST_KEY_UIStatusBarStyle[sdk=iphonesimulator*]" = UIStatusBarStyleDefault;
				INFOPLIST_KEY_UISupportedInterfaceOrientations_iPad = "UIInterfaceOrientationPortrait UIInterfaceOrientationPortraitUpsideDown UIInterfaceOrientationLandscapeLeft UIInterfaceOrientationLandscapeRight";
				INFOPLIST_KEY_UISupportedInterfaceOrientations_iPhone = "UIInterfaceOrientationPortrait UIInterfaceOrientationLandscapeLeft UIInterfaceOrientationLandscapeRight";
				IPHONEOS_DEPLOYMENT_TARGET = 17.5;
				LD_RUNPATH_SEARCH_PATHS = "@executable_path/Frameworks";
				"LD_RUNPATH_SEARCH_PATHS[sdk=macosx*]" = "@executable_path/../Frameworks";
				MACOSX_DEPLOYMENT_TARGET = 14.5;
				MARKETING_VERSION = 1.0;
				PRODUCT_BUNDLE_IDENTIFIER = erichan.PrefeFortune;
				PRODUCT_NAME = "$(TARGET_NAME)";
				SDKROOT = auto;
				SUPPORTED_PLATFORMS = "iphoneos iphonesimulator macosx";
				SWIFT_EMIT_LOC_STRINGS = YES;
				SWIFT_VERSION = 5.0;
				TARGETED_DEVICE_FAMILY = "1,2";
			};
			name = Debug;
		};
		3BF76F2F2CAF80CE009EC2B2 /* Release */ = {
			isa = XCBuildConfiguration;
			buildSettings = {
				ASSETCATALOG_COMPILER_APPICON_NAME = AppIcon;
				ASSETCATALOG_COMPILER_GLOBAL_ACCENT_COLOR_NAME = AccentColor;
				CODE_SIGN_ENTITLEMENTS = PrefeFortune/PrefeFortune.entitlements;
				CODE_SIGN_STYLE = Automatic;
				CURRENT_PROJECT_VERSION = 1;
				DEVELOPMENT_ASSET_PATHS = "\"PrefeFortune/Preview Content\"";
				DEVELOPMENT_TEAM = 922N7TF68N;
				ENABLE_HARDENED_RUNTIME = YES;
				ENABLE_PREVIEWS = YES;
				GENERATE_INFOPLIST_FILE = YES;
				"INFOPLIST_KEY_UIApplicationSceneManifest_Generation[sdk=iphoneos*]" = YES;
				"INFOPLIST_KEY_UIApplicationSceneManifest_Generation[sdk=iphonesimulator*]" = YES;
				"INFOPLIST_KEY_UIApplicationSupportsIndirectInputEvents[sdk=iphoneos*]" = YES;
				"INFOPLIST_KEY_UIApplicationSupportsIndirectInputEvents[sdk=iphonesimulator*]" = YES;
				"INFOPLIST_KEY_UILaunchScreen_Generation[sdk=iphoneos*]" = YES;
				"INFOPLIST_KEY_UILaunchScreen_Generation[sdk=iphonesimulator*]" = YES;
				"INFOPLIST_KEY_UIStatusBarStyle[sdk=iphoneos*]" = UIStatusBarStyleDefault;
				"INFOPLIST_KEY_UIStatusBarStyle[sdk=iphonesimulator*]" = UIStatusBarStyleDefault;
				INFOPLIST_KEY_UISupportedInterfaceOrientations_iPad = "UIInterfaceOrientationPortrait UIInterfaceOrientationPortraitUpsideDown UIInterfaceOrientationLandscapeLeft UIInterfaceOrientationLandscapeRight";
				INFOPLIST_KEY_UISupportedInterfaceOrientations_iPhone = "UIInterfaceOrientationPortrait UIInterfaceOrientationLandscapeLeft UIInterfaceOrientationLandscapeRight";
				IPHONEOS_DEPLOYMENT_TARGET = 17.5;
				LD_RUNPATH_SEARCH_PATHS = "@executable_path/Frameworks";
				"LD_RUNPATH_SEARCH_PATHS[sdk=macosx*]" = "@executable_path/../Frameworks";
				MACOSX_DEPLOYMENT_TARGET = 14.5;
				MARKETING_VERSION = 1.0;
				PRODUCT_BUNDLE_IDENTIFIER = erichan.PrefeFortune;
				PRODUCT_NAME = "$(TARGET_NAME)";
				SDKROOT = auto;
				SUPPORTED_PLATFORMS = "iphoneos iphonesimulator macosx";
				SWIFT_EMIT_LOC_STRINGS = YES;
				SWIFT_VERSION = 5.0;
				TARGETED_DEVICE_FAMILY = "1,2";
			};
			name = Release;
		};
		3BF76F312CAF80CE009EC2B2 /* Debug */ = {
			isa = XCBuildConfiguration;
			buildSettings = {
				ALWAYS_EMBED_SWIFT_STANDARD_LIBRARIES = YES;
				BUNDLE_LOADER = "$(TEST_HOST)";
				CODE_SIGN_STYLE = Automatic;
				CURRENT_PROJECT_VERSION = 1;
				DEVELOPMENT_TEAM = 922N7TF68N;
				GENERATE_INFOPLIST_FILE = YES;
				IPHONEOS_DEPLOYMENT_TARGET = 17.5;
				MACOSX_DEPLOYMENT_TARGET = 14.5;
				MARKETING_VERSION = 1.0;
				PRODUCT_BUNDLE_IDENTIFIER = erichan.PrefeFortuneTests;
				PRODUCT_NAME = "$(TARGET_NAME)";
				SDKROOT = auto;
				SUPPORTED_PLATFORMS = "iphoneos iphonesimulator macosx";
				SWIFT_EMIT_LOC_STRINGS = NO;
				SWIFT_VERSION = 5.0;
				TARGETED_DEVICE_FAMILY = "1,2";
				TEST_HOST = "$(BUILT_PRODUCTS_DIR)/PrefeFortune.app/$(BUNDLE_EXECUTABLE_FOLDER_PATH)/PrefeFortune";
			};
			name = Debug;
		};
		3BF76F322CAF80CE009EC2B2 /* Release */ = {
			isa = XCBuildConfiguration;
			buildSettings = {
				ALWAYS_EMBED_SWIFT_STANDARD_LIBRARIES = YES;
				BUNDLE_LOADER = "$(TEST_HOST)";
				CODE_SIGN_STYLE = Automatic;
				CURRENT_PROJECT_VERSION = 1;
				DEVELOPMENT_TEAM = 922N7TF68N;
				GENERATE_INFOPLIST_FILE = YES;
				IPHONEOS_DEPLOYMENT_TARGET = 17.5;
				MACOSX_DEPLOYMENT_TARGET = 14.5;
				MARKETING_VERSION = 1.0;
				PRODUCT_BUNDLE_IDENTIFIER = erichan.PrefeFortuneTests;
				PRODUCT_NAME = "$(TARGET_NAME)";
				SDKROOT = auto;
				SUPPORTED_PLATFORMS = "iphoneos iphonesimulator macosx";
				SWIFT_EMIT_LOC_STRINGS = NO;
				SWIFT_VERSION = 5.0;
				TARGETED_DEVICE_FAMILY = "1,2";
				TEST_HOST = "$(BUILT_PRODUCTS_DIR)/PrefeFortune.app/$(BUNDLE_EXECUTABLE_FOLDER_PATH)/PrefeFortune";
			};
			name = Release;
		};
		3BF76F342CAF80CE009EC2B2 /* Debug */ = {
			isa = XCBuildConfiguration;
			buildSettings = {
				ALWAYS_EMBED_SWIFT_STANDARD_LIBRARIES = YES;
				CODE_SIGN_STYLE = Automatic;
				CURRENT_PROJECT_VERSION = 1;
				DEVELOPMENT_TEAM = 922N7TF68N;
				GENERATE_INFOPLIST_FILE = YES;
				IPHONEOS_DEPLOYMENT_TARGET = 17.5;
				MACOSX_DEPLOYMENT_TARGET = 14.5;
				MARKETING_VERSION = 1.0;
				PRODUCT_BUNDLE_IDENTIFIER = erichan.PrefeFortuneUITests;
				PRODUCT_NAME = "$(TARGET_NAME)";
				SDKROOT = auto;
				SUPPORTED_PLATFORMS = "iphoneos iphonesimulator macosx";
				SWIFT_EMIT_LOC_STRINGS = NO;
				SWIFT_VERSION = 5.0;
				TARGETED_DEVICE_FAMILY = "1,2";
				TEST_TARGET_NAME = PrefeFortune;
			};
			name = Debug;
		};
		3BF76F352CAF80CE009EC2B2 /* Release */ = {
			isa = XCBuildConfiguration;
			buildSettings = {
				ALWAYS_EMBED_SWIFT_STANDARD_LIBRARIES = YES;
				CODE_SIGN_STYLE = Automatic;
				CURRENT_PROJECT_VERSION = 1;
				DEVELOPMENT_TEAM = 922N7TF68N;
				GENERATE_INFOPLIST_FILE = YES;
				IPHONEOS_DEPLOYMENT_TARGET = 17.5;
				MACOSX_DEPLOYMENT_TARGET = 14.5;
				MARKETING_VERSION = 1.0;
				PRODUCT_BUNDLE_IDENTIFIER = erichan.PrefeFortuneUITests;
				PRODUCT_NAME = "$(TARGET_NAME)";
				SDKROOT = auto;
				SUPPORTED_PLATFORMS = "iphoneos iphonesimulator macosx";
				SWIFT_EMIT_LOC_STRINGS = NO;
				SWIFT_VERSION = 5.0;
				TARGETED_DEVICE_FAMILY = "1,2";
				TEST_TARGET_NAME = PrefeFortune;
			};
			name = Release;
		};
/* End XCBuildConfiguration section */

/* Begin XCConfigurationList section */
		3BF76F032CAF80CD009EC2B2 /* Build configuration list for PBXProject "PrefeFortune" */ = {
			isa = XCConfigurationList;
			buildConfigurations = (
				3BF76F2B2CAF80CE009EC2B2 /* Debug */,
				3BF76F2C2CAF80CE009EC2B2 /* Release */,
			);
			defaultConfigurationIsVisible = 0;
			defaultConfigurationName = Release;
		};
		3BF76F2D2CAF80CE009EC2B2 /* Build configuration list for PBXNativeTarget "PrefeFortune" */ = {
			isa = XCConfigurationList;
			buildConfigurations = (
				3BF76F2E2CAF80CE009EC2B2 /* Debug */,
				3BF76F2F2CAF80CE009EC2B2 /* Release */,
			);
			defaultConfigurationIsVisible = 0;
			defaultConfigurationName = Release;
		};
		3BF76F302CAF80CE009EC2B2 /* Build configuration list for PBXNativeTarget "PrefeFortuneTests" */ = {
			isa = XCConfigurationList;
			buildConfigurations = (
				3BF76F312CAF80CE009EC2B2 /* Debug */,
				3BF76F322CAF80CE009EC2B2 /* Release */,
			);
			defaultConfigurationIsVisible = 0;
			defaultConfigurationName = Release;
		};
		3BF76F332CAF80CE009EC2B2 /* Build configuration list for PBXNativeTarget "PrefeFortuneUITests" */ = {
			isa = XCConfigurationList;
			buildConfigurations = (
				3BF76F342CAF80CE009EC2B2 /* Debug */,
				3BF76F352CAF80CE009EC2B2 /* Release */,
			);
			defaultConfigurationIsVisible = 0;
			defaultConfigurationName = Release;
		};
/* End XCConfigurationList section */

/* Begin XCRemoteSwiftPackageReference section */
		3BB4BF502CAF888600AD4C29 /* XCRemoteSwiftPackageReference "lottie-ios" */ = {
			isa = XCRemoteSwiftPackageReference;
			repositoryURL = "https://github.com/airbnb/lottie-ios";
			requirement = {
				kind = upToNextMajorVersion;
				minimumVersion = 4.5.0;
			};
		};
		3BB4BF542CAF88D200AD4C29 /* XCRemoteSwiftPackageReference "Alamofire" */ = {
			isa = XCRemoteSwiftPackageReference;
			repositoryURL = "https://github.com/Alamofire/Alamofire.git";
			requirement = {
				kind = upToNextMajorVersion;
				minimumVersion = 5.9.1;
			};
		};
/* End XCRemoteSwiftPackageReference section */

/* Begin XCSwiftPackageProductDependency section */
		3BB4BF522CAF889B00AD4C29 /* Lottie */ = {
			isa = XCSwiftPackageProductDependency;
			package = 3BB4BF502CAF888600AD4C29 /* XCRemoteSwiftPackageReference "lottie-ios" */;
			productName = Lottie;
		};
		3BB4BF552CAF88E700AD4C29 /* Alamofire */ = {
			isa = XCSwiftPackageProductDependency;
			package = 3BB4BF542CAF88D200AD4C29 /* XCRemoteSwiftPackageReference "Alamofire" */;
			productName = Alamofire;
		};
/* End XCSwiftPackageProductDependency section */
	};
	rootObject = 3BF76F002CAF80CD009EC2B2 /* Project object */;
}
